
Microsoft Visual Studio Solution File, Format Version 12.00
# Visual Studio Version 16
VisualStudioVersion = 16.0.30011.22
MinimumVisualStudioVersion = 10.0.40219.1
Project("{FAE04EC0-301F-11D3-BF4B-00C04F79EFBC}") = "ContactApp", "ContactApp\ContactApp.csproj", "{1F4FA65A-76E6-49B1-8F30-4741BB1AE353}"
EndProject
Project("{FAE04EC0-301F-11D3-BF4B-00C04F79EFBC}") = "ContactDB", "ContactDB\ContactDB.csproj", "{221CF018-D0AF-4319-A31E-9731840B98EA}"
EndProject
Global
	GlobalSection(SolutionConfigurationPlatforms) = preSolution
		Debug|Any CPU = Debug|Any CPU
		Release|Any CPU = Release|Any CPU
	EndGlobalSection
	GlobalSection(ProjectConfigurationPlatforms) = postSolution
		{1F4FA65A-76E6-49B1-8F30-4741BB1AE353}.Debug|Any CPU.ActiveCfg = Debug|Any CPU
		{1F4FA65A-76E6-49B1-8F30-4741BB1AE353}.Debug|Any CPU.Build.0 = Debug|Any CPU
		{1F4FA65A-76E6-49B1-8F30-4741BB1AE353}.Release|Any CPU.ActiveCfg = Release|Any CPU
		{1F4FA65A-76E6-49B1-8F30-4741BB1AE353}.Release|Any CPU.Build.0 = Release|Any CPU
		{221CF018-D0AF-4319-A31E-9731840B98EA}.Debug|Any CPU.ActiveCfg = Debug|Any CPU
		{221CF018-D0AF-4319-A31E-9731840B98EA}.Debug|Any CPU.Build.0 = Debug|Any CPU
		{221CF018-D0AF-4319-A31E-9731840B98EA}.Release|Any CPU.ActiveCfg = Release|Any CPU
		{221CF018-D0AF-4319-A31E-9731840B98EA}.Release|Any CPU.Build.0 = Release|Any CPU
	EndGlobalSection
	GlobalSection(SolutionProperties) = preSolution
		HideSolutionNode = FALSE
	EndGlobalSection
	GlobalSection(ExtensibilityGlobals) = postSolution
		SolutionGuid = {B2F155DF-6649-4628-B9E3-8120A18C6BE0}
	EndGlobalSection
EndGlobal
