
Microsoft Visual Studio Solution File, Format Version 12.00
# Visual Studio Version 16
VisualStudioVersion = 16.0.30011.22
MinimumVisualStudioVersion = 10.0.40219.1
Project("{FAE04EC0-301F-11D3-BF4B-00C04F79EFBC}") = "BDayCardGenerator", "BDayCardGenerator\BDayCardGenerator.csproj", "{CC0970FF-2993-4486-9BF3-EC398194AD91}"
EndProject
Global
	GlobalSection(SolutionConfigurationPlatforms) = preSolution
		Debug|Any CPU = Debug|Any CPU
		Release|Any CPU = Release|Any CPU
	EndGlobalSection
	GlobalSection(ProjectConfigurationPlatforms) = postSolution
		{CC0970FF-2993-4486-9BF3-EC398194AD91}.Debug|Any CPU.ActiveCfg = Debug|Any CPU
		{CC0970FF-2993-4486-9BF3-EC398194AD91}.Debug|Any CPU.Build.0 = Debug|Any CPU
		{CC0970FF-2993-4486-9BF3-EC398194AD91}.Release|Any CPU.ActiveCfg = Release|Any CPU
		{CC0970FF-2993-4486-9BF3-EC398194AD91}.Release|Any CPU.Build.0 = Release|Any CPU
	EndGlobalSection
	GlobalSection(SolutionProperties) = preSolution
		HideSolutionNode = FALSE
	EndGlobalSection
	GlobalSection(ExtensibilityGlobals) = postSolution
		SolutionGuid = {05BCE234-512F-4536-BEEC-0325BA29495E}
	EndGlobalSection
EndGlobal
